
Microsoft Visual Studio Solution File, Format Version 12.00
# Visual Studio 14
VisualStudioVersion = 14.0.25420.1
MinimumVisualStudioVersion = 10.0.40219.1
Project("{2150E333-8FDC-42A3-9474-1A3956D46DE8}") = "src", "src", "{6D335080-5952-48DE-B0C3-89B3CD25C459}"
EndProject
Project("{2150E333-8FDC-42A3-9474-1A3956D46DE8}") = "Solution Items", "Solution Items", "{A1E2DA5E-FDC0-44E9-B00F-B79A3E83A3F9}"
	ProjectSection(SolutionItems) = preProject
		global.json = global.json
	EndProjectSection
EndProject
Project("{8BB2217D-0F2D-49D1-97BC-3654ED321F3B}") = "WebAPI.Publico", "src\WebAPI.Publico\WebAPI.Publico.xproj", "{B8F66227-DC1E-4754-8B9C-42D755FC2237}"
EndProject
Project("{8BB2217D-0F2D-49D1-97BC-3654ED321F3B}") = "WebAPI.Restrito", "src\WebAPI.Restrito\WebAPI.Restrito.xproj", "{A34319D1-14E6-46AA-91FA-1DFC85AF24AA}"
EndProject
Project("{8BB2217D-0F2D-49D1-97BC-3654ED321F3B}") = "Dominio", "src\Dominio\Dominio.xproj", "{9889EE7B-CA7A-41E1-9875-75319EFF6184}"
EndProject
Project("{8BB2217D-0F2D-49D1-97BC-3654ED321F3B}") = "Negocio", "src\Negocio\Negocio.xproj", "{C3B7DB17-4814-4D50-A245-89ECBA40E7E2}"
EndProject
Project("{8BB2217D-0F2D-49D1-97BC-3654ED321F3B}") = "Infraestrutura", "src\Infraestrutura\Infraestrutura.xproj", "{7AE89C5D-F960-417C-95CA-5CDEF4782B1B}"
EndProject
Project("{8BB2217D-0F2D-49D1-97BC-3654ED321F3B}") = "Apresentacao", "src\Apresentacao\Apresentacao.xproj", "{B7DDE990-0C2A-46AA-A662-22D6523C6EC1}"
EndProject
Global
	GlobalSection(SolutionConfigurationPlatforms) = preSolution
		Debug|Any CPU = Debug|Any CPU
		Release|Any CPU = Release|Any CPU
	EndGlobalSection
	GlobalSection(ProjectConfigurationPlatforms) = postSolution
		{B8F66227-DC1E-4754-8B9C-42D755FC2237}.Debug|Any CPU.ActiveCfg = Debug|Any CPU
		{B8F66227-DC1E-4754-8B9C-42D755FC2237}.Debug|Any CPU.Build.0 = Debug|Any CPU
		{B8F66227-DC1E-4754-8B9C-42D755FC2237}.Release|Any CPU.ActiveCfg = Release|Any CPU
		{B8F66227-DC1E-4754-8B9C-42D755FC2237}.Release|Any CPU.Build.0 = Release|Any CPU
		{A34319D1-14E6-46AA-91FA-1DFC85AF24AA}.Debug|Any CPU.ActiveCfg = Debug|Any CPU
		{A34319D1-14E6-46AA-91FA-1DFC85AF24AA}.Debug|Any CPU.Build.0 = Debug|Any CPU
		{A34319D1-14E6-46AA-91FA-1DFC85AF24AA}.Release|Any CPU.ActiveCfg = Release|Any CPU
		{A34319D1-14E6-46AA-91FA-1DFC85AF24AA}.Release|Any CPU.Build.0 = Release|Any CPU
		{9889EE7B-CA7A-41E1-9875-75319EFF6184}.Debug|Any CPU.ActiveCfg = Debug|Any CPU
		{9889EE7B-CA7A-41E1-9875-75319EFF6184}.Debug|Any CPU.Build.0 = Debug|Any CPU
		{9889EE7B-CA7A-41E1-9875-75319EFF6184}.Release|Any CPU.ActiveCfg = Release|Any CPU
		{9889EE7B-CA7A-41E1-9875-75319EFF6184}.Release|Any CPU.Build.0 = Release|Any CPU
		{C3B7DB17-4814-4D50-A245-89ECBA40E7E2}.Debug|Any CPU.ActiveCfg = Debug|Any CPU
		{C3B7DB17-4814-4D50-A245-89ECBA40E7E2}.Debug|Any CPU.Build.0 = Debug|Any CPU
		{C3B7DB17-4814-4D50-A245-89ECBA40E7E2}.Release|Any CPU.ActiveCfg = Release|Any CPU
		{C3B7DB17-4814-4D50-A245-89ECBA40E7E2}.Release|Any CPU.Build.0 = Release|Any CPU
		{7AE89C5D-F960-417C-95CA-5CDEF4782B1B}.Debug|Any CPU.ActiveCfg = Debug|Any CPU
		{7AE89C5D-F960-417C-95CA-5CDEF4782B1B}.Debug|Any CPU.Build.0 = Debug|Any CPU
		{7AE89C5D-F960-417C-95CA-5CDEF4782B1B}.Release|Any CPU.ActiveCfg = Release|Any CPU
		{7AE89C5D-F960-417C-95CA-5CDEF4782B1B}.Release|Any CPU.Build.0 = Release|Any CPU
		{B7DDE990-0C2A-46AA-A662-22D6523C6EC1}.Debug|Any CPU.ActiveCfg = Debug|Any CPU
		{B7DDE990-0C2A-46AA-A662-22D6523C6EC1}.Debug|Any CPU.Build.0 = Debug|Any CPU
		{B7DDE990-0C2A-46AA-A662-22D6523C6EC1}.Release|Any CPU.ActiveCfg = Release|Any CPU
		{B7DDE990-0C2A-46AA-A662-22D6523C6EC1}.Release|Any CPU.Build.0 = Release|Any CPU
	EndGlobalSection
	GlobalSection(SolutionProperties) = preSolution
		HideSolutionNode = FALSE
	EndGlobalSection
	GlobalSection(NestedProjects) = preSolution
		{B8F66227-DC1E-4754-8B9C-42D755FC2237} = {6D335080-5952-48DE-B0C3-89B3CD25C459}
		{A34319D1-14E6-46AA-91FA-1DFC85AF24AA} = {6D335080-5952-48DE-B0C3-89B3CD25C459}
		{9889EE7B-CA7A-41E1-9875-75319EFF6184} = {6D335080-5952-48DE-B0C3-89B3CD25C459}
		{C3B7DB17-4814-4D50-A245-89ECBA40E7E2} = {6D335080-5952-48DE-B0C3-89B3CD25C459}
		{7AE89C5D-F960-417C-95CA-5CDEF4782B1B} = {6D335080-5952-48DE-B0C3-89B3CD25C459}
		{B7DDE990-0C2A-46AA-A662-22D6523C6EC1} = {6D335080-5952-48DE-B0C3-89B3CD25C459}
	EndGlobalSection
EndGlobal
